
Microsoft Visual Studio Solution File, Format Version 12.00
# Visual Studio Version 17
VisualStudioVersion = 17.4.33103.184
MinimumVisualStudioVersion = 10.0.40219.1
Project("{FAE04EC0-301F-11D3-BF4B-00C04F79EFBC}") = "WPFUI", "WPFUI\WPFUI.csproj", "{EE7203B0-154C-4F1E-B272-4681FFE7BCDD}"
EndProject
Project("{FAE04EC0-301F-11D3-BF4B-00C04F79EFBC}") = "TestEngine", "TestEngine\TestEngine.csproj", "{F547E2CF-F91E-4BBF-85D3-62C71F244590}"
EndProject
Project("{2150E333-8FDC-42A3-9474-1A3956D46DE8}") = "Docs", "Docs", "{97CA6B76-2067-4BE7-9CBE-326F146CE92F}"
	ProjectSection(SolutionItems) = preProject
		LicensesConsumed.md = LicensesConsumed.md
	EndProjectSection
EndProject
Project("{FAE04EC0-301F-11D3-BF4B-00C04F79EFBC}") = "ChaosEngine.Models", "ChaosEngine.Models\ChaosEngine.Models.csproj", "{4D5E8493-6313-4271-AD8B-A19676AAD636}"
EndProject
Project("{FAE04EC0-301F-11D3-BF4B-00C04F79EFBC}") = "ChaosEngine.Managers", "ChaosEngine.Managers\ChaosEngine.Managers.csproj", "{3B048FE5-03C8-4889-A704-C7015911317B}"
EndProject
Project("{FAE04EC0-301F-11D3-BF4B-00C04F79EFBC}") = "ChaosEngine.Services", "ChaosEngine.Services\ChaosEngine.Services.csproj", "{5ED0A6FC-609B-46CF-910F-AF74179116A2}"
EndProject
Project("{FAE04EC0-301F-11D3-BF4B-00C04F79EFBC}") = "ChaosRPG.Core", "ChaosRPG.Core\ChaosRPG.Core.csproj", "{2D6DB522-BDFB-4ADC-84D6-F873A5EBDCBF}"
EndProject
Global
	GlobalSection(SolutionConfigurationPlatforms) = preSolution
		Debug|Any CPU = Debug|Any CPU
		Release|Any CPU = Release|Any CPU
	EndGlobalSection
	GlobalSection(ProjectConfigurationPlatforms) = postSolution
		{EE7203B0-154C-4F1E-B272-4681FFE7BCDD}.Debug|Any CPU.ActiveCfg = Debug|Any CPU
		{EE7203B0-154C-4F1E-B272-4681FFE7BCDD}.Debug|Any CPU.Build.0 = Debug|Any CPU
		{EE7203B0-154C-4F1E-B272-4681FFE7BCDD}.Release|Any CPU.ActiveCfg = Release|Any CPU
		{EE7203B0-154C-4F1E-B272-4681FFE7BCDD}.Release|Any CPU.Build.0 = Release|Any CPU
		{F547E2CF-F91E-4BBF-85D3-62C71F244590}.Debug|Any CPU.ActiveCfg = Debug|Any CPU
		{F547E2CF-F91E-4BBF-85D3-62C71F244590}.Debug|Any CPU.Build.0 = Debug|Any CPU
		{F547E2CF-F91E-4BBF-85D3-62C71F244590}.Release|Any CPU.ActiveCfg = Release|Any CPU
		{F547E2CF-F91E-4BBF-85D3-62C71F244590}.Release|Any CPU.Build.0 = Release|Any CPU
		{4D5E8493-6313-4271-AD8B-A19676AAD636}.Debug|Any CPU.ActiveCfg = Debug|Any CPU
		{4D5E8493-6313-4271-AD8B-A19676AAD636}.Debug|Any CPU.Build.0 = Debug|Any CPU
		{4D5E8493-6313-4271-AD8B-A19676AAD636}.Release|Any CPU.ActiveCfg = Release|Any CPU
		{4D5E8493-6313-4271-AD8B-A19676AAD636}.Release|Any CPU.Build.0 = Release|Any CPU
		{3B048FE5-03C8-4889-A704-C7015911317B}.Debug|Any CPU.ActiveCfg = Debug|Any CPU
		{3B048FE5-03C8-4889-A704-C7015911317B}.Debug|Any CPU.Build.0 = Debug|Any CPU
		{3B048FE5-03C8-4889-A704-C7015911317B}.Release|Any CPU.ActiveCfg = Release|Any CPU
		{3B048FE5-03C8-4889-A704-C7015911317B}.Release|Any CPU.Build.0 = Release|Any CPU
		{5ED0A6FC-609B-46CF-910F-AF74179116A2}.Debug|Any CPU.ActiveCfg = Debug|Any CPU
		{5ED0A6FC-609B-46CF-910F-AF74179116A2}.Debug|Any CPU.Build.0 = Debug|Any CPU
		{5ED0A6FC-609B-46CF-910F-AF74179116A2}.Release|Any CPU.ActiveCfg = Release|Any CPU
		{5ED0A6FC-609B-46CF-910F-AF74179116A2}.Release|Any CPU.Build.0 = Release|Any CPU
		{2D6DB522-BDFB-4ADC-84D6-F873A5EBDCBF}.Debug|Any CPU.ActiveCfg = Debug|Any CPU
		{2D6DB522-BDFB-4ADC-84D6-F873A5EBDCBF}.Debug|Any CPU.Build.0 = Debug|Any CPU
		{2D6DB522-BDFB-4ADC-84D6-F873A5EBDCBF}.Release|Any CPU.ActiveCfg = Release|Any CPU
		{2D6DB522-BDFB-4ADC-84D6-F873A5EBDCBF}.Release|Any CPU.Build.0 = Release|Any CPU
	EndGlobalSection
	GlobalSection(SolutionProperties) = preSolution
		HideSolutionNode = FALSE
	EndGlobalSection
	GlobalSection(ExtensibilityGlobals) = postSolution
		SolutionGuid = {B210CFBC-4AD7-4B2E-B08E-E44108A2466E}
	EndGlobalSection
EndGlobal
